
Microsoft Visual Studio Solution File, Format Version 12.00
Project("{FAE04EC0-301F-11D3-BF4B-00C04F79EFBC}") = "jsonflattennested", "jsonflattennested\jsonflattennested.csproj", "{F901DC9D-D0A9-40AA-8A85-25812F2F31E0}"
EndProject
Global
	GlobalSection(SolutionConfigurationPlatforms) = preSolution
		Debug|Any CPU = Debug|Any CPU
		Release|Any CPU = Release|Any CPU
	EndGlobalSection
	GlobalSection(ProjectConfigurationPlatforms) = postSolution
		{F901DC9D-D0A9-40AA-8A85-25812F2F31E0}.Debug|Any CPU.ActiveCfg = Debug|Any CPU
		{F901DC9D-D0A9-40AA-8A85-25812F2F31E0}.Debug|Any CPU.Build.0 = Debug|Any CPU
		{F901DC9D-D0A9-40AA-8A85-25812F2F31E0}.Release|Any CPU.ActiveCfg = Release|Any CPU
		{F901DC9D-D0A9-40AA-8A85-25812F2F31E0}.Release|Any CPU.Build.0 = Release|Any CPU
	EndGlobalSection
EndGlobal
